{
  "name": "tapioca",
  "version": "1.0.0",
  "lockfileVersion": 1,
  "requires": true,
  "dependencies": {
    "@mapbox/geojson-area": {
      "version": "0.2.2",
      "resolved": "https://registry.npmjs.org/@mapbox/geojson-area/-/geojson-area-0.2.2.tgz",
      "integrity": "sha1-GNeBSqNr8j+7zDefjiaiKSfevxA=",
      "requires": {
        "wgs84": "0.0.0"
      }
    },
    "better-queue": {
      "version": "3.8.10",
      "resolved": "https://registry.npmjs.org/better-queue/-/better-queue-3.8.10.tgz",
      "integrity": "sha512-e3gwNZgDCnNWl0An0Tz6sUjKDV9m6aB+K9Xg//vYeo8+KiH8pWhLFxkawcXhm6FpM//GfD9IQv/kmvWCAVVpKA==",
      "requires": {
        "better-queue-memory": "^1.0.1",
        "node-eta": "^0.9.0",
        "uuid": "^3.0.0"
      }
    },
    "better-queue-memory": {
      "version": "1.0.3",
      "resolved": "https://registry.npmjs.org/better-queue-memory/-/better-queue-memory-1.0.3.tgz",
      "integrity": "sha512-QLFkfV+k/7e4L4FR7kqkXKtRi22kl68c/3AaBs0ArDSz0iiuAl0DjVlb6gM220jW7izLE5TRy7oXOd4Cxa0wog=="
    },
    "byline": {
      "version": "5.0.0",
      "resolved": "https://registry.npmjs.org/byline/-/byline-5.0.0.tgz",
      "integrity": "sha1-dBxSFkaOrcRXsDQQEYrXfejB3bE="
    },
    "config": {
      "version": "3.0.1",
      "resolved": "https://registry.npmjs.org/config/-/config-3.0.1.tgz",
      "integrity": "sha512-TBNrrk2b6AybUohqXw2AydglFBL9b/+1GG93Di6Fm6x1SyVJ5PYgo+mqY2X0KpU9m0PJDSbFaC5H95utSphtLw==",
      "requires": {
        "json5": "^1.0.1"
      }
    },
    "delimit-stream": {
      "version": "0.1.0",
      "resolved": "https://registry.npmjs.org/delimit-stream/-/delimit-stream-0.1.0.tgz",
      "integrity": "sha1-m4MZR3wOX4rrPONXrjBfwl6hzSs="
    },
    "hh-mm-ss": {
      "version": "1.2.0",
      "resolved": "https://registry.npmjs.org/hh-mm-ss/-/hh-mm-ss-1.2.0.tgz",
      "integrity": "sha512-f4I9Hz1dLpX/3mrEs7yq30+FiuO3tt5NWAqAGeBTaoeoBfB8vhcQ3BphuDc5DjZb/K809agqrAaFlP0jhEU/8w==",
      "requires": {
        "zero-fill": "^2.2.3"
      }
    },
    "hjson": {
      "version": "3.1.2",
      "resolved": "https://registry.npmjs.org/hjson/-/hjson-3.1.2.tgz",
      "integrity": "sha512-2ILrho8eRl2Bniy61mDFiXRAloYqH2T6OwWkoF/8y55DPFgG2RcqQGNXIfBLp432dnAbLOpBJ4pJs63W3X27EA=="
    },
    "json-text-sequence": {
      "version": "0.1.1",
      "resolved": "https://registry.npmjs.org/json-text-sequence/-/json-text-sequence-0.1.1.tgz",
      "integrity": "sha1-py8hfcSvxGKf/1/rME3BvVGi89I=",
      "requires": {
        "delimit-stream": "0.1.0"
      }
    },
    "json5": {
      "version": "1.0.1",
      "resolved": "https://registry.npmjs.org/json5/-/json5-1.0.1.tgz",
      "integrity": "sha512-aKS4WQjPenRxiQsC93MNfjx+nbF4PAdYzmd/1JIj8HYzqfbu86beTuNgXDzPknWk0n0uARlyewZo4s++ES36Ow==",
      "requires": {
        "minimist": "^1.2.0"
      }
    },
    "minimist": {
      "version": "1.2.0",
      "resolved": "https://registry.npmjs.org/minimist/-/minimist-1.2.0.tgz",
      "integrity": "sha1-o1AIsg9BOD7sH7kU9M1d95omQoQ="
    },
    "node-eta": {
      "version": "0.9.0",
      "resolved": "https://registry.npmjs.org/node-eta/-/node-eta-0.9.0.tgz",
      "integrity": "sha1-n7CwmbzSoCGUDmA8ZCVNwAPZp6g="
    },
    "prettysize": {
      "version": "2.0.0",
      "resolved": "https://registry.npmjs.org/prettysize/-/prettysize-2.0.0.tgz",
      "integrity": "sha512-VVtxR7sOh0VsG8o06Ttq5TrI1aiZKmC+ClSn4eBPaNf4SHr5lzbYW+kYGX3HocBL/MfpVrRfFZ9V3vCbLaiplg=="
    },
    "uuid": {
      "version": "3.3.2",
      "resolved": "https://registry.npmjs.org/uuid/-/uuid-3.3.2.tgz",
      "integrity": "sha512-yXJmeNaw3DnnKAOKJE51sL/ZaYfWJRl1pK9dr19YFCu0ObS231AB1/LbqTKRAQ5kw8A90rA6fr4riOUpTZvQZA=="
    },
    "wgs84": {
      "version": "0.0.0",
      "resolved": "https://registry.npmjs.org/wgs84/-/wgs84-0.0.0.tgz",
      "integrity": "sha1-NP3FVZF7blfPKigu0ENxDASc3HY="
    },
    "zero-fill": {
      "version": "2.2.3",
      "resolved": "https://registry.npmjs.org/zero-fill/-/zero-fill-2.2.3.tgz",
      "integrity": "sha1-o97wa6XjmuZEhQu0yirUEStIVek="
    }
  }
}
